
Microsoft Visual Studio Solution File, Format Version 12.00
# Visual Studio 15
VisualStudioVersion = 15.0.28010.2019
MinimumVisualStudioVersion = 10.0.40219.1
Project("{888888A0-9F3D-457C-B088-3A5042F75D52}") = "pyImportAccounts", "pyImportAccounts\pyImportAccounts.pyproj", "{E3285BD1-8D23-4AC9-A38D-03A8BD833BA6}"
EndProject
Global
	GlobalSection(SolutionConfigurationPlatforms) = preSolution
		Debug|Any CPU = Debug|Any CPU
		Release|Any CPU = Release|Any CPU
	EndGlobalSection
	GlobalSection(ProjectConfigurationPlatforms) = postSolution
		{E3285BD1-8D23-4AC9-A38D-03A8BD833BA6}.Debug|Any CPU.ActiveCfg = Debug|Any CPU
		{E3285BD1-8D23-4AC9-A38D-03A8BD833BA6}.Release|Any CPU.ActiveCfg = Release|Any CPU
	EndGlobalSection
	GlobalSection(SolutionProperties) = preSolution
		HideSolutionNode = FALSE
	EndGlobalSection
	GlobalSection(ExtensibilityGlobals) = postSolution
		SolutionGuid = {98B90CBE-EDCE-42D9-9320-727B6CF33627}
	EndGlobalSection
EndGlobal
